lockfileVersion: '9.0'

settings:
  autoInstallPeers: true
  excludeLinksFromLockfile: false

importers:

  .:
    devDependencies:
      '@electric-sql/pglite':
        specifier: 0.3.10
        version: 0.3.10

packages:

  '@electric-sql/pglite@0.3.10':
    resolution: {integrity: sha512-1XtXXprd848aR4hvjNqBc3Gc86zNGmd60x+MgOUShbHYxt+J76N8A81DqTEl275T8xBD0vdTgqR/dJ4yJyz0NQ==}

snapshots:

  '@electric-sql/pglite@0.3.10': {}
